
Microsoft Visual Studio Solution File, Format Version 12.00
Project("{FAE04EC0-301F-11D3-BF4B-00C04F79EFBC}") = "Serializator", "Serializator.csproj", "{B6AA51F3-FF21-4054-9B82-BF18F6D3DF14}"
EndProject
Global
	GlobalSection(SolutionConfigurationPlatforms) = preSolution
		Debug|Any CPU = Debug|Any CPU
		Release|Any CPU = Release|Any CPU
	EndGlobalSection
	GlobalSection(ProjectConfigurationPlatforms) = postSolution
		{B6AA51F3-FF21-4054-9B82-BF18F6D3DF14}.Debug|Any CPU.ActiveCfg = Debug|Any CPU
		{B6AA51F3-FF21-4054-9B82-BF18F6D3DF14}.Debug|Any CPU.Build.0 = Debug|Any CPU
		{B6AA51F3-FF21-4054-9B82-BF18F6D3DF14}.Release|Any CPU.ActiveCfg = Release|Any CPU
		{B6AA51F3-FF21-4054-9B82-BF18F6D3DF14}.Release|Any CPU.Build.0 = Release|Any CPU
	EndGlobalSection
EndGlobal
